
Microsoft Visual Studio Solution File, Format Version 12.00
# Visual Studio 15
VisualStudioVersion = 15.0.27703.2047
MinimumVisualStudioVersion = 10.0.40219.1
Project("{FAE04EC0-301F-11D3-BF4B-00C04F79EFBC}") = "XYZ", "XYZ\XYZ.csproj", "{F87F1AED-A1FA-4FF2-9BE6-3AC894A0C692}"
EndProject
Global
	GlobalSection(SolutionConfigurationPlatforms) = preSolution
		Debug|Any CPU = Debug|Any CPU
		Release|Any CPU = Release|Any CPU
	EndGlobalSection
	GlobalSection(ProjectConfigurationPlatforms) = postSolution
		{F87F1AED-A1FA-4FF2-9BE6-3AC894A0C692}.Debug|Any CPU.ActiveCfg = Debug|Any CPU
		{F87F1AED-A1FA-4FF2-9BE6-3AC894A0C692}.Debug|Any CPU.Build.0 = Debug|Any CPU
		{F87F1AED-A1FA-4FF2-9BE6-3AC894A0C692}.Release|Any CPU.ActiveCfg = Release|Any CPU
		{F87F1AED-A1FA-4FF2-9BE6-3AC894A0C692}.Release|Any CPU.Build.0 = Release|Any CPU
	EndGlobalSection
	GlobalSection(SolutionProperties) = preSolution
		HideSolutionNode = FALSE
	EndGlobalSection
	GlobalSection(ExtensibilityGlobals) = postSolution
		SolutionGuid = {F7D0A081-F77B-4C2C-A21E-FF014D5AE596}
	EndGlobalSection
EndGlobal
